
Microsoft Visual Studio Solution File, Format Version 12.00
# Visual Studio Version 17
VisualStudioVersion = 17.0.31903.59
MinimumVisualStudioVersion = 10.0.40219.1
Project("{FAE04EC0-301F-11D3-BF4B-00C04F79EFBC}") = "WebApiSample", "WebApiSample\WebApiSample.csproj", "{C2F71CC2-911C-4A74-A6DC-D77E07B9E131}"
EndProject
Project("{FAE04EC0-301F-11D3-BF4B-00C04F79EFBC}") = "WebApiSample.Tests", "WebApiSample.Tests\WebApiSample.Tests.csproj", "{4C94DE5F-C0D5-4353-8BE9-D4FA8B43E245}"
EndProject
Global
	GlobalSection(SolutionConfigurationPlatforms) = preSolution
		Debug|Any CPU = Debug|Any CPU
		Release|Any CPU = Release|Any CPU
	EndGlobalSection
	GlobalSection(SolutionProperties) = preSolution
		HideSolutionNode = FALSE
	EndGlobalSection
	GlobalSection(ProjectConfigurationPlatforms) = postSolution
		{C2F71CC2-911C-4A74-A6DC-D77E07B9E131}.Debug|Any CPU.ActiveCfg = Debug|Any CPU
		{C2F71CC2-911C-4A74-A6DC-D77E07B9E131}.Debug|Any CPU.Build.0 = Debug|Any CPU
		{C2F71CC2-911C-4A74-A6DC-D77E07B9E131}.Release|Any CPU.ActiveCfg = Release|Any CPU
		{C2F71CC2-911C-4A74-A6DC-D77E07B9E131}.Release|Any CPU.Build.0 = Release|Any CPU
		{4C94DE5F-C0D5-4353-8BE9-D4FA8B43E245}.Debug|Any CPU.ActiveCfg = Debug|Any CPU
		{4C94DE5F-C0D5-4353-8BE9-D4FA8B43E245}.Debug|Any CPU.Build.0 = Debug|Any CPU
		{4C94DE5F-C0D5-4353-8BE9-D4FA8B43E245}.Release|Any CPU.ActiveCfg = Release|Any CPU
		{4C94DE5F-C0D5-4353-8BE9-D4FA8B43E245}.Release|Any CPU.Build.0 = Release|Any CPU
	EndGlobalSection
EndGlobal
